Microsoft Visual Studio Solution File, Format Version 12.00
# Visual Studio Version 17
VisualStudioVersion = 17.8.34525.116
MinimumVisualStudioVersion = 10.0.40219.1
Project("{9A19103F-16F7-4668-BE54-9A1E7A4F7556}") = "BookingApp", "BookingApp\BookingApp.csproj", "{344DF8B8-BE97-40E0-8D0B-0AC1996FA58C}"
EndProject
Project("{9A19103F-16F7-4668-BE54-9A1E7A4F7556}") = "BASE.Infrastructure", "BMBSOFT.GIS.Infrastructure\BASE.Infrastructure.csproj", "{9C4FAE8E-F294-40D6-830E-BB779F97C5BC}"
EndProject
Project("{9A19103F-16F7-4668-BE54-9A1E7A4F7556}") = "BASE.CORE", "BMBSOFT.GIS.CORE\BASE.CORE.csproj", "{59C747DE-7D90-42D6-B7E6-6B1E069C7E37}"
EndProject
Project("{9A19103F-16F7-4668-BE54-9A1E7A4F7556}") = "BASE.Data", "BMBSOFT.GIS.Data\BASE.Data.csproj", "{DC15B6E5-48B2-439C-BECD-845D7FBA213A}"
EndProject
Project("{9A19103F-16F7-4668-BE54-9A1E7A4F7556}") = "BASE.Model", "BMBSOFT.GIS.Model\BASE.Model.csproj", "{07EC3024-F51D-48A1-9993-A96C0FD57150}"
EndProject
Project("{9A19103F-16F7-4668-BE54-9A1E7A4F7556}") = "BASE.Entity", "BMBSOFT.GIS.Entity\BASE.Entity.csproj", "{F1DA0265-FAB8-4156-8FA7-6E75FDE5463F}"
EndProject
Project("{9A19103F-16F7-4668-BE54-9A1E7A4F7556}") = "BASE.Services", "BMBSOFT.GIS.Services\BASE.Services.csproj", "{4E1190E6-08F8-477C-9970-2FFF17B0904C}"
EndProject
Global
	GlobalSection(SolutionConfigurationPlatforms) = preSolution
		Debug|Any CPU = Debug|Any CPU
		Release|Any CPU = Release|Any CPU
		UnitTest|Any CPU = UnitTest|Any CPU
	EndGlobalSection
	GlobalSection(ProjectConfigurationPlatforms) = postSolution
		{344DF8B8-BE97-40E0-8D0B-0AC1996FA58C}.Debug|Any CPU.ActiveCfg = Debug|Any CPU
		{344DF8B8-BE97-40E0-8D0B-0AC1996FA58C}.Debug|Any CPU.Build.0 = Debug|Any CPU
		{344DF8B8-BE97-40E0-8D0B-0AC1996FA58C}.Release|Any CPU.ActiveCfg = Release|Any CPU
		{344DF8B8-BE97-40E0-8D0B-0AC1996FA58C}.Release|Any CPU.Build.0 = Release|Any CPU
		{344DF8B8-BE97-40E0-8D0B-0AC1996FA58C}.UnitTest|Any CPU.ActiveCfg = UnitTest|Any CPU
		{344DF8B8-BE97-40E0-8D0B-0AC1996FA58C}.UnitTest|Any CPU.Build.0 = UnitTest|Any CPU
		{9C4FAE8E-F294-40D6-830E-BB779F97C5BC}.Debug|Any CPU.ActiveCfg = Debug|Any CPU
		{9C4FAE8E-F294-40D6-830E-BB779F97C5BC}.Debug|Any CPU.Build.0 = Debug|Any CPU
		{9C4FAE8E-F294-40D6-830E-BB779F97C5BC}.Release|Any CPU.ActiveCfg = Release|Any CPU
		{9C4FAE8E-F294-40D6-830E-BB779F97C5BC}.Release|Any CPU.Build.0 = Release|Any CPU
		{9C4FAE8E-F294-40D6-830E-BB779F97C5BC}.UnitTest|Any CPU.ActiveCfg = Debug|Any CPU
		{9C4FAE8E-F294-40D6-830E-BB779F97C5BC}.UnitTest|Any CPU.Build.0 = Debug|Any CPU
		{59C747DE-7D90-42D6-B7E6-6B1E069C7E37}.Debug|Any CPU.ActiveCfg = Debug|Any CPU
		{59C747DE-7D90-42D6-B7E6-6B1E069C7E37}.Debug|Any CPU.Build.0 = Debug|Any CPU
		{59C747DE-7D90-42D6-B7E6-6B1E069C7E37}.Release|Any CPU.ActiveCfg = Release|Any CPU
		{59C747DE-7D90-42D6-B7E6-6B1E069C7E37}.Release|Any CPU.Build.0 = Release|Any CPU
		{59C747DE-7D90-42D6-B7E6-6B1E069C7E37}.UnitTest|Any CPU.ActiveCfg = Debug|Any CPU
		{59C747DE-7D90-42D6-B7E6-6B1E069C7E37}.UnitTest|Any CPU.Build.0 = Debug|Any CPU
		{DC15B6E5-48B2-439C-BECD-845D7FBA213A}.Debug|Any CPU.ActiveCfg = Debug|Any CPU
		{DC15B6E5-48B2-439C-BECD-845D7FBA213A}.Debug|Any CPU.Build.0 = Debug|Any CPU
		{DC15B6E5-48B2-439C-BECD-845D7FBA213A}.Release|Any CPU.ActiveCfg = Release|Any CPU
		{DC15B6E5-48B2-439C-BECD-845D7FBA213A}.Release|Any CPU.Build.0 = Release|Any CPU
		{DC15B6E5-48B2-439C-BECD-845D7FBA213A}.UnitTest|Any CPU.ActiveCfg = Debug|Any CPU
		{DC15B6E5-48B2-439C-BECD-845D7FBA213A}.UnitTest|Any CPU.Build.0 = Debug|Any CPU
		{07EC3024-F51D-48A1-9993-A96C0FD57150}.Debug|Any CPU.ActiveCfg = Debug|Any CPU
		{07EC3024-F51D-48A1-9993-A96C0FD57150}.Debug|Any CPU.Build.0 = Debug|Any CPU
		{07EC3024-F51D-48A1-9993-A96C0FD57150}.Release|Any CPU.ActiveCfg = Release|Any CPU
		{07EC3024-F51D-48A1-9993-A96C0FD57150}.Release|Any CPU.Build.0 = Release|Any CPU
		{07EC3024-F51D-48A1-9993-A96C0FD57150}.UnitTest|Any CPU.ActiveCfg = Debug|Any CPU
		{07EC3024-F51D-48A1-9993-A96C0FD57150}.UnitTest|Any CPU.Build.0 = Debug|Any CPU
		{F1DA0265-FAB8-4156-8FA7-6E75FDE5463F}.Debug|Any CPU.ActiveCfg = Debug|Any CPU
		{F1DA0265-FAB8-4156-8FA7-6E75FDE5463F}.Debug|Any CPU.Build.0 = Debug|Any CPU
		{F1DA0265-FAB8-4156-8FA7-6E75FDE5463F}.Release|Any CPU.ActiveCfg = Release|Any CPU
		{F1DA0265-FAB8-4156-8FA7-6E75FDE5463F}.Release|Any CPU.Build.0 = Release|Any CPU
		{F1DA0265-FAB8-4156-8FA7-6E75FDE5463F}.UnitTest|Any CPU.ActiveCfg = Debug|Any CPU
		{F1DA0265-FAB8-4156-8FA7-6E75FDE5463F}.UnitTest|Any CPU.Build.0 = Debug|Any CPU
		{4E1190E6-08F8-477C-9970-2FFF17B0904C}.Debug|Any CPU.ActiveCfg = Debug|Any CPU
		{4E1190E6-08F8-477C-9970-2FFF17B0904C}.Debug|Any CPU.Build.0 = Debug|Any CPU
		{4E1190E6-08F8-477C-9970-2FFF17B0904C}.Release|Any CPU.ActiveCfg = Release|Any CPU
		{4E1190E6-08F8-477C-9970-2FFF17B0904C}.Release|Any CPU.Build.0 = Release|Any CPU
		{4E1190E6-08F8-477C-9970-2FFF17B0904C}.UnitTest|Any CPU.ActiveCfg = Debug|Any CPU
		{4E1190E6-08F8-477C-9970-2FFF17B0904C}.UnitTest|Any CPU.Build.0 = Debug|Any CPU
	EndGlobalSection
	GlobalSection(SolutionProperties) = preSolution
		HideSolutionNode = FALSE
	EndGlobalSection
	GlobalSection(ExtensibilityGlobals) = postSolution
		SolutionGuid = {3FE652A6-2CAB-45EE-87F1-AB45981452D5}
	EndGlobalSection
EndGlobal
